// !$*UTF8*$!
{
	archiveVersion = 1;
	classes = {
	};
	objectVersion = 50;
	objects = {

/* Begin PBXBuildFile section */
		A2A0446624258F3B006BF12E /* AppDelegate.swift in Sources */ = {isa = PBXBuildFile; fileRef = A2A0446524258F3B006BF12E /* AppDelegate.swift */; };
		A2A0446824258F3B006BF12E /* SceneDelegate.swift in Sources */ = {isa = PBXBuildFile; fileRef = A2A0446724258F3B006BF12E /* SceneDelegate.swift */; };
		A2A0446A24258F3B006BF12E /* ContentView.swift in Sources */ = {isa = PBXBuildFile; fileRef = A2A0446924258F3B006BF12E /* ContentView.swift */; };
		A2A0446C24258F3C006BF12E /* Assets.xcassets in Resources */ = {isa = PBXBuildFile; fileRef = A2A0446B24258F3C006BF12E /* Assets.xcassets */; };
		A2A0446F24258F3C006BF12E /* Preview Assets.xcassets in Resources */ = {isa = PBXBuildFile; fileRef = A2A0446E24258F3C006BF12E /* Preview Assets.xcassets */; };
		A2A0447224258F3C006BF12E /* LaunchScreen.storyboard in Resources */ = {isa = PBXBuildFile; fileRef = A2A0447024258F3C006BF12E /* LaunchScreen.storyboard */; };
		A2A0447B24258F8E006BF12E /* GameViewModel.swift in Sources */ = {isa = PBXBuildFile; fileRef = A2A0447A24258F8E006BF12E /* GameViewModel.swift */; };
		A2A0447E242590EA006BF12E /* Color.swift in Sources */ = {isa = PBXBuildFile; fileRef = A2A0447D242590EA006BF12E /* Color.swift */; };
		A2A0448124259172006BF12E /* GameView.swift in Sources */ = {isa = PBXBuildFile; fileRef = A2A0448024259172006BF12E /* GameView.swift */; };
		A2A04484242597A3006BF12E /* GameModel.swift in Sources */ = {isa = PBXBuildFile; fileRef = A2A04483242597A3006BF12E /* GameModel.swift */; };
/* End PBXBuildFile section */

/* Begin PBXFileReference section */
		A2A0446224258F3B006BF12E /* g2-woksape.app */ = {isa = PBXFileReference; explicitFileType = wrapper.application; includeInIndex = 0; path = "g2-woksape.app"; sourceTree = BUILT_PRODUCTS_DIR; };
		A2A0446524258F3B006BF12E /* AppDelegate.swift */ = {isa = PBXFileReference; lastKnownFileType = sourcecode.swift; path = AppDelegate.swift; sourceTree = "<group>"; };
		A2A0446724258F3B006BF12E /* SceneDelegate.swift */ = {isa = PBXFileReference; lastKnownFileType = sourcecode.swift; path = SceneDelegate.swift; sourceTree = "<group>"; };
		A2A0446924258F3B006BF12E /* ContentView.swift */ = {isa = PBXFileReference; lastKnownFileType = sourcecode.swift; path = ContentView.swift; sourceTree = "<group>"; };
		A2A0446B24258F3C006BF12E /* Assets.xcassets */ = {isa = PBXFileReference; lastKnownFileType = folder.assetcatalog; path = Assets.xcassets; sourceTree = "<group>"; };
		A2A0446E24258F3C006BF12E /* Preview Assets.xcassets */ = {isa = PBXFileReference; lastKnownFileType = folder.assetcatalog; path = "Preview Assets.xcassets"; sourceTree = "<group>"; };
		A2A0447124258F3C006BF12E /* Base */ = {isa = PBXFileReference; lastKnownFileType = file.storyboard; name = Base; path = Base.lproj/LaunchScreen.storyboard; sourceTree = "<group>"; };
		A2A0447324258F3C006BF12E /* Info.plist */ = {isa = PBXFileReference; lastKnownFileType = text.plist.xml; path = Info.plist; sourceTree = "<group>"; };
		A2A0447A24258F8E006BF12E /* GameViewModel.swift */ = {isa = PBXFileReference; lastKnownFileType = sourcecode.swift; path = GameViewModel.swift; sourceTree = "<group>"; };
		A2A0447D242590EA006BF12E /* Color.swift */ = {isa = PBXFileReference; lastKnownFileType = sourcecode.swift; path = Color.swift; sourceTree = "<group>"; };
		A2A0448024259172006BF12E /* GameView.swift */ = {isa = PBXFileReference; lastKnownFileType = sourcecode.swift; path = GameView.swift; sourceTree = "<group>"; };
		A2A04483242597A3006BF12E /* GameModel.swift */ = {isa = PBXFileReference; lastKnownFileType = sourcecode.swift; path = GameModel.swift; sourceTree = "<group>"; };
/* End PBXFileReference section */

/* Begin PBXFrameworksBuildPhase section */
		A2A0445F24258F3B006BF12E /* Frameworks */ = {
			isa = PBXFrameworksBuildPhase;
			buildActionMask = 2147483647;
			files = (
			);
			runOnlyForDeploymentPostprocessing = 0;
		};
/* End PBXFrameworksBuildPhase section */

/* Begin PBXGroup section */
		A2A0445924258F3B006BF12E = {
			isa = PBXGroup;
			children = (
				A2A0446424258F3B006BF12E /* g2-woksape */,
				A2A0446324258F3B006BF12E /* Products */,
			);
			sourceTree = "<group>";
		};
		A2A0446324258F3B006BF12E /* Products */ = {
			isa = PBXGroup;
			children = (
				A2A0446224258F3B006BF12E /* g2-woksape.app */,
			);
			name = Products;
			sourceTree = "<group>";
		};
		A2A0446424258F3B006BF12E /* g2-woksape */ = {
			isa = PBXGroup;
			children = (
				A2A0446524258F3B006BF12E /* AppDelegate.swift */,
				A2A0446724258F3B006BF12E /* SceneDelegate.swift */,
				A2A0448224259791006BF12E /* Model */,
				A2A0447F24259163006BF12E /* View */,
				A2A0447C242590DC006BF12E /* Extension */,
				A2A0447924258F68006BF12E /* ViewModel */,
				A2A0446924258F3B006BF12E /* ContentView.swift */,
				A2A0446B24258F3C006BF12E /* Assets.xcassets */,
				A2A0447024258F3C006BF12E /* LaunchScreen.storyboard */,
				A2A0447324258F3C006BF12E /* Info.plist */,
				A2A0446D24258F3C006BF12E /* Preview Content */,
			);
			path = "g2-woksape";
			sourceTree = "<group>";
		};
		A2A0446D24258F3C006BF12E /* Preview Content */ = {
			isa = PBXGroup;
			children = (
				A2A0446E24258F3C006BF12E /* Preview Assets.xcassets */,
			);
			path = "Preview Content";
			sourceTree = "<group>";
		};
		A2A0447924258F68006BF12E /* ViewModel */ = {
			isa = PBXGroup;
			children = (
				A2A0447A24258F8E006BF12E /* GameViewModel.swift */,
			);
			path = ViewModel;
			sourceTree = "<group>";
		};
		A2A0447C242590DC006BF12E /* Extension */ = {
			isa = PBXGroup;
			children = (
				A2A0447D242590EA006BF12E /* Color.swift */,
			);
			path = Extension;
			sourceTree = "<group>";
		};
		A2A0447F24259163006BF12E /* View */ = {
			isa = PBXGroup;
			children = (
				A2A0448024259172006BF12E /* GameView.swift */,
			);
			path = View;
			sourceTree = "<group>";
		};
		A2A0448224259791006BF12E /* Model */ = {
			isa = PBXGroup;
			children = (
				A2A04483242597A3006BF12E /* GameModel.swift */,
			);
			path = Model;
			sourceTree = "<group>";
		};
/* End PBXGroup section */

/* Begin PBXNativeTarget section */
		A2A0446124258F3B006BF12E /* g2-woksape */ = {
			isa = PBXNativeTarget;
			buildConfigurationList = A2A0447624258F3C006BF12E /* Build configuration list for PBXNativeTarget "g2-woksape" */;
			buildPhases = (
				A2A0445E24258F3B006BF12E /* Sources */,
				A2A0445F24258F3B006BF12E /* Frameworks */,
				A2A0446024258F3B006BF12E /* Resources */,
			);
			buildRules = (
			);
			dependencies = (
			);
			name = "g2-woksape";
			productName = "g2-woksape";
			productReference = A2A0446224258F3B006BF12E /* g2-woksape.app */;
			productType = "com.apple.product-type.application";
		};
/* End PBXNativeTarget section */

/* Begin PBXProject section */
		A2A0445A24258F3B006BF12E /* Project object */ = {
			isa = PBXProject;
			attributes = {
				LastSwiftUpdateCheck = 1140;
				LastUpgradeCheck = 1140;
				ORGANIZATIONNAME = "Kelly Rudnicki";
				TargetAttributes = {
					A2A0446124258F3B006BF12E = {
						CreatedOnToolsVersion = 11.4;
					};
				};
			};
			buildConfigurationList = A2A0445D24258F3B006BF12E /* Build configuration list for PBXProject "g2-woksape" */;
			compatibilityVersion = "Xcode 9.3";
			developmentRegion = en;
			hasScannedForEncodings = 0;
			knownRegions = (
				en,
				Base,
			);
			mainGroup = A2A0445924258F3B006BF12E;
			productRefGroup = A2A0446324258F3B006BF12E /* Products */;
			projectDirPath = "";
			projectRoot = "";
			targets = (
				A2A0446124258F3B006BF12E /* g2-woksape */,
			);
		};
/* End PBXProject section */

/* Begin PBXResourcesBuildPhase section */
		A2A0446024258F3B006BF12E /* Resources */ = {
			isa = PBXResourcesBuildPhase;
			buildActionMask = 2147483647;
			files = (
				A2A0447224258F3C006BF12E /* LaunchScreen.storyboard in Resources */,
				A2A0446F24258F3C006BF12E /* Preview Assets.xcassets in Resources */,
				A2A0446C24258F3C006BF12E /* Assets.xcassets in Resources */,
			);
			runOnlyForDeploymentPostprocessing = 0;
		};
/* End PBXResourcesBuildPhase section */

/* Begin PBXSourcesBuildPhase section */
		A2A0445E24258F3B006BF12E /* Sources */ = {
			isa = PBXSourcesBuildPhase;
			buildActionMask = 2147483647;
			files = (
				A2A0447B24258F8E006BF12E /* GameViewModel.swift in Sources */,
				A2A0446624258F3B006BF12E /* AppDelegate.swift in Sources */,
				A2A0446824258F3B006BF12E /* SceneDelegate.swift in Sources */,
				A2A0447E242590EA006BF12E /* Color.swift in Sources */,
				A2A0448124259172006BF12E /* GameView.swift in Sources */,
				A2A04484242597A3006BF12E /* GameModel.swift in Sources */,
				A2A0446A24258F3B006BF12E /* ContentView.swift in Sources */,
			);
			runOnlyForDeploymentPostprocessing = 0;
		};
/* End PBXSourcesBuildPhase section */

/* Begin PBXVariantGroup section */
		A2A0447024258F3C006BF12E /* LaunchScreen.storyboard */ = {
			isa = PBXVariantGroup;
			children = (
				A2A0447124258F3C006BF12E /* Base */,
			);
			name = LaunchScreen.storyboard;
			sourceTree = "<group>";
		};
/* End PBXVariantGroup section */

/* Begin XCBuildConfiguration section */
		A2A0447424258F3C006BF12E /* Debug */ = {
			isa = XCBuildConfiguration;
			buildSettings = {
				ALWAYS_SEARCH_USER_PATHS = NO;
				CLANG_ANALYZER_NONNULL = YES;
				CLANG_ANALYZER_NUMBER_OBJECT_CONVERSION = YES_AGGRESSIVE;
				CLANG_CXX_LANGUAGE_STANDARD = "gnu++14";
				CLANG_CXX_LIBRARY = "libc++";
				CLANG_ENABLE_MODULES = YES;
				CLANG_ENABLE_OBJC_ARC = YES;
				CLANG_ENABLE_OBJC_WEAK = YES;
				CLANG_WARN_BLOCK_CAPTURE_AUTORELEASING = YES;
				CLANG_WARN_BOOL_CONVERSION = YES;
				CLANG_WARN_COMMA = YES;
				CLANG_WARN_CONSTANT_CONVERSION = YES;
				CLANG_WARN_DEPRECATED_OBJC_IMPLEMENTATIONS = YES;
				CLANG_WARN_DIRECT_OBJC_ISA_USAGE = YES_ERROR;
				CLANG_WARN_DOCUMENTATION_COMMENTS = YES;
				CLANG_WARN_EMPTY_BODY = YES;
				CLANG_WARN_ENUM_CONVERSION = YES;
				CLANG_WARN_INFINITE_RECURSION = YES;
				CLANG_WARN_INT_CONVERSION = YES;
				CLANG_WARN_NON_LITERAL_NULL_CONVERSION = YES;
				CLANG_WARN_OBJC_IMPLICIT_RETAIN_SELF = YES;
				CLANG_WARN_OBJC_LITERAL_CONVERSION = YES;
				CLANG_WARN_OBJC_ROOT_CLASS = YES_ERROR;
				CLANG_WARN_RANGE_LOOP_ANALYSIS = YES;
				CLANG_WARN_STRICT_PROTOTYPES = YES;
				CLANG_WARN_SUSPICIOUS_MOVE = YES;
				CLANG_WARN_UNGUARDED_AVAILABILITY = YES_AGGRESSIVE;
				CLANG_WARN_UNREACHABLE_CODE = YES;
				CLANG_WARN__DUPLICATE_METHOD_MATCH = YES;
				COPY_PHASE_STRIP = NO;
				DEBUG_INFORMATION_FORMAT = dwarf;
				ENABLE_STRICT_OBJC_MSGSEND = YES;
				ENABLE_TESTABILITY = YES;
				GCC_C_LANGUAGE_STANDARD = gnu11;
				GCC_DYNAMIC_NO_PIC = NO;
				GCC_NO_COMMON_BLOCKS = YES;
				GCC_OPTIMIZATION_LEVEL = 0;
				GCC_PREPROCESSOR_DEFINITIONS = (
					"DEBUG=1",
					"$(inherited)",
				);
				GCC_WARN_64_TO_32_BIT_CONVERSION = YES;
				GCC_WARN_ABOUT_RETURN_TYPE = YES_ERROR;
				GCC_WARN_UNDECLARED_SELECTOR = YES;
				GCC_WARN_UNINITIALIZED_AUTOS = YES_AGGRESSIVE;
				GCC_WARN_UNUSED_FUNCTION = YES;
				GCC_WARN_UNUSED_VARIABLE = YES;
				IPHONEOS_DEPLOYMENT_TARGET = 13.4;
				MTL_ENABLE_DEBUG_INFO = INCLUDE_SOURCE;
				MTL_FAST_MATH = YES;
				ONLY_ACTIVE_ARCH = YES;
				SDKROOT = iphoneos;
				SWIFT_ACTIVE_COMPILATION_CONDITIONS = DEBUG;
				SWIFT_OPTIMIZATION_LEVEL = "-Onone";
			};
			name = Debug;
		};
		A2A0447524258F3C006BF12E /* Release */ = {
			isa = XCBuildConfiguration;
			buildSettings = {
				ALWAYS_SEARCH_USER_PATHS = NO;
				CLANG_ANALYZER_NONNULL = YES;
				CLANG_ANALYZER_NUMBER_OBJECT_CONVERSION = YES_AGGRESSIVE;
				CLANG_CXX_LANGUAGE_STANDARD = "gnu++14";
				CLANG_CXX_LIBRARY = "libc++";
				CLANG_ENABLE_MODULES = YES;
				CLANG_ENABLE_OBJC_ARC = YES;
				CLANG_ENABLE_OBJC_WEAK = YES;
				CLANG_WARN_BLOCK_CAPTURE_AUTORELEASING = YES;
				CLANG_WARN_BOOL_CONVERSION = YES;
				CLANG_WARN_COMMA = YES;
				CLANG_WARN_CONSTANT_CONVERSION = YES;
				CLANG_WARN_DEPRECATED_OBJC_IMPLEMENTATIONS = YES;
				CLANG_WARN_DIRECT_OBJC_ISA_USAGE = YES_ERROR;
				CLANG_WARN_DOCUMENTATION_COMMENTS = YES;
				CLANG_WARN_EMPTY_BODY = YES;
				CLANG_WARN_ENUM_CONVERSION = YES;
				CLANG_WARN_INFINITE_RECURSION = YES;
				CLANG_WARN_INT_CONVERSION = YES;
				CLANG_WARN_NON_LITERAL_NULL_CONVERSION = YES;
				CLANG_WARN_OBJC_IMPLICIT_RETAIN_SELF = YES;
				CLANG_WARN_OBJC_LITERAL_CONVERSION = YES;
				CLANG_WARN_OBJC_ROOT_CLASS = YES_ERROR;
				CLANG_WARN_RANGE_LOOP_ANALYSIS = YES;
				CLANG_WARN_STRICT_PROTOTYPES = YES;
				CLANG_WARN_SUSPICIOUS_MOVE = YES;
				CLANG_WARN_UNGUARDED_AVAILABILITY = YES_AGGRESSIVE;
				CLANG_WARN_UNREACHABLE_CODE = YES;
				CLANG_WARN__DUPLICATE_METHOD_MATCH = YES;
				COPY_PHASE_STRIP = NO;
				DEBUG_INFORMATION_FORMAT = "dwarf-with-dsym";
				ENABLE_NS_ASSERTIONS = NO;
				ENABLE_STRICT_OBJC_MSGSEND = YES;
				GCC_C_LANGUAGE_STANDARD = gnu11;
				GCC_NO_COMMON_BLOCKS = YES;
				GCC_WARN_64_TO_32_BIT_CONVERSION = YES;
				GCC_WARN_ABOUT_RETURN_TYPE = YES_ERROR;
				GCC_WARN_UNDECLARED_SELECTOR = YES;
				GCC_WARN_UNINITIALIZED_AUTOS = YES_AGGRESSIVE;
				GCC_WARN_UNUSED_FUNCTION = YES;
				GCC_WARN_UNUSED_VARIABLE = YES;
				IPHONEOS_DEPLOYMENT_TARGET = 13.4;
				MTL_ENABLE_DEBUG_INFO = NO;
				MTL_FAST_MATH = YES;
				SDKROOT = iphoneos;
				SWIFT_COMPILATION_MODE = wholemodule;
				SWIFT_OPTIMIZATION_LEVEL = "-O";
				VALIDATE_PRODUCT = YES;
			};
			name = Release;
		};
		A2A0447724258F3C006BF12E /* Debug */ = {
			isa = XCBuildConfiguration;
			buildSettings = {
				ASSETCATALOG_COMPILER_APPICON_NAME = AppIcon;
				CODE_SIGN_STYLE = Automatic;
				DEVELOPMENT_ASSET_PATHS = "\"g2-woksape/Preview Content\"";
				DEVELOPMENT_TEAM = YR599F2Z9Y;
				ENABLE_PREVIEWS = YES;
				INFOPLIST_FILE = "g2-woksape/Info.plist";
				IPHONEOS_DEPLOYMENT_TARGET = 13.1;
				LD_RUNPATH_SEARCH_PATHS = (
					"$(inherited)",
					"@executable_path/Frameworks",
				);
				PRODUCT_BUNDLE_IDENTIFIER = "com.krudnicki.g2-woksape";
				PRODUCT_NAME = "$(TARGET_NAME)";
				SWIFT_VERSION = 5.0;
				TARGETED_DEVICE_FAMILY = "1,2";
			};
			name = Debug;
		};
		A2A0447824258F3C006BF12E /* Release */ = {
			isa = XCBuildConfiguration;
			buildSettings = {
				ASSETCATALOG_COMPILER_APPICON_NAME = AppIcon;
				CODE_SIGN_STYLE = Automatic;
				DEVELOPMENT_ASSET_PATHS = "\"g2-woksape/Preview Content\"";
				DEVELOPMENT_TEAM = YR599F2Z9Y;
				ENABLE_PREVIEWS = YES;
				INFOPLIST_FILE = "g2-woksape/Info.plist";
				IPHONEOS_DEPLOYMENT_TARGET = 13.1;
				LD_RUNPATH_SEARCH_PATHS = (
					"$(inherited)",
					"@executable_path/Frameworks",
				);
				PRODUCT_BUNDLE_IDENTIFIER = "com.krudnicki.g2-woksape";
				PRODUCT_NAME = "$(TARGET_NAME)";
				SWIFT_VERSION = 5.0;
				TARGETED_DEVICE_FAMILY = "1,2";
			};
			name = Release;
		};
/* End XCBuildConfiguration section */

/* Begin XCConfigurationList section */
		A2A0445D24258F3B006BF12E /* Build configuration list for PBXProject "g2-woksape" */ = {
			isa = XCConfigurationList;
			buildConfigurations = (
				A2A0447424258F3C006BF12E /* Debug */,
				A2A0447524258F3C006BF12E /* Release */,
			);
			defaultConfigurationIsVisible = 0;
			defaultConfigurationName = Release;
		};
		A2A0447624258F3C006BF12E /* Build configuration list for PBXNativeTarget "g2-woksape" */ = {
			isa = XCConfigurationList;
			buildConfigurations = (
				A2A0447724258F3C006BF12E /* Debug */,
				A2A0447824258F3C006BF12E /* Release */,
			);
			defaultConfigurationIsVisible = 0;
			defaultConfigurationName = Release;
		};
/* End XCConfigurationList section */
	};
	rootObject = A2A0445A24258F3B006BF12E /* Project object */;
}
